// !$*UTF8*$!
{
	archiveVersion = 1;
	classes = {
	};
	objectVersion = 50;
	objects = {

/* Begin PBXBuildFile section */
		FAF8C38025A69193005A5B26 /* AppDelegate.swift in Sources */ = {isa = PBXBuildFile; fileRef = FAF8C37F25A69193005A5B26 /* AppDelegate.swift */; };
		FAF8C38225A69193005A5B26 /* SceneDelegate.swift in Sources */ = {isa = PBXBuildFile; fileRef = FAF8C38125A69193005A5B26 /* SceneDelegate.swift */; };
		FAF8C38725A69193005A5B26 /* Main.storyboard in Resources */ = {isa = PBXBuildFile; fileRef = FAF8C38525A69193005A5B26 /* Main.storyboard */; };
		FAF8C38925A69195005A5B26 /* Assets.xcassets in Resources */ = {isa = PBXBuildFile; fileRef = FAF8C38825A69195005A5B26 /* Assets.xcassets */; };
		FAF8C38C25A69195005A5B26 /* LaunchScreen.storyboard in Resources */ = {isa = PBXBuildFile; fileRef = FAF8C38A25A69195005A5B26 /* LaunchScreen.storyboard */; };
		FAF8C39525A691D2005A5B26 /* Todo.swift in Sources */ = {isa = PBXBuildFile; fileRef = FAF8C39425A691D2005A5B26 /* Todo.swift */; };
		FAF8C39B25A691E6005A5B26 /* Storage.swift in Sources */ = {isa = PBXBuildFile; fileRef = FAF8C39A25A691E6005A5B26 /* Storage.swift */; };
		FAF8C39F25A69243005A5B26 /* TodoListViewController.swift in Sources */ = {isa = PBXBuildFile; fileRef = FAF8C39E25A69243005A5B26 /* TodoListViewController.swift */; };
/* End PBXBuildFile section */

/* Begin PBXFileReference section */
		FAF8C37C25A69193005A5B26 /* TodoList-v1.app */ = {isa = PBXFileReference; explicitFileType = wrapper.application; includeInIndex = 0; path = "TodoList-v1.app"; sourceTree = BUILT_PRODUCTS_DIR; };
		FAF8C37F25A69193005A5B26 /* AppDelegate.swift */ = {isa = PBXFileReference; lastKnownFileType = sourcecode.swift; path = AppDelegate.swift; sourceTree = "<group>"; };
		FAF8C38125A69193005A5B26 /* SceneDelegate.swift */ = {isa = PBXFileReference; lastKnownFileType = sourcecode.swift; path = SceneDelegate.swift; sourceTree = "<group>"; };
		FAF8C38625A69193005A5B26 /* Base */ = {isa = PBXFileReference; lastKnownFileType = file.storyboard; name = Base; path = Base.lproj/Main.storyboard; sourceTree = "<group>"; };
		FAF8C38825A69195005A5B26 /* Assets.xcassets */ = {isa = PBXFileReference; lastKnownFileType = folder.assetcatalog; path = Assets.xcassets; sourceTree = "<group>"; };
		FAF8C38B25A69195005A5B26 /* Base */ = {isa = PBXFileReference; lastKnownFileType = file.storyboard; name = Base; path = Base.lproj/LaunchScreen.storyboard; sourceTree = "<group>"; };
		FAF8C38D25A69195005A5B26 /* Info.plist */ = {isa = PBXFileReference; lastKnownFileType = text.plist.xml; path = Info.plist; sourceTree = "<group>"; };
		FAF8C39425A691D2005A5B26 /* Todo.swift */ = {isa = PBXFileReference; lastKnownFileType = sourcecode.swift; path = Todo.swift; sourceTree = "<group>"; };
		FAF8C39A25A691E6005A5B26 /* Storage.swift */ = {isa = PBXFileReference; lastKnownFileType = sourcecode.swift; path = Storage.swift; sourceTree = "<group>"; };
		FAF8C39E25A69243005A5B26 /* TodoListViewController.swift */ = {isa = PBXFileReference; lastKnownFileType = sourcecode.swift; path = TodoListViewController.swift; sourceTree = "<group>"; };
/* End PBXFileReference section */

/* Begin PBXFrameworksBuildPhase section */
		FAF8C37925A69193005A5B26 /* Frameworks */ = {
			isa = PBXFrameworksBuildPhase;
			buildActionMask = 2147483647;
			files = (
			);
			runOnlyForDeploymentPostprocessing = 0;
		};
/* End PBXFrameworksBuildPhase section */

/* Begin PBXGroup section */
		FAF8C37325A69193005A5B26 = {
			isa = PBXGroup;
			children = (
				FAF8C37E25A69193005A5B26 /* TodoList-v1 */,
				FAF8C37D25A69193005A5B26 /* Products */,
			);
			sourceTree = "<group>";
		};
		FAF8C37D25A69193005A5B26 /* Products */ = {
			isa = PBXGroup;
			children = (
				FAF8C37C25A69193005A5B26 /* TodoList-v1.app */,
			);
			name = Products;
			sourceTree = "<group>";
		};
		FAF8C37E25A69193005A5B26 /* TodoList-v1 */ = {
			isa = PBXGroup;
			children = (
				FAF8C37F25A69193005A5B26 /* AppDelegate.swift */,
				FAF8C38125A69193005A5B26 /* SceneDelegate.swift */,
				FAF8C39E25A69243005A5B26 /* TodoListViewController.swift */,
				FAF8C39425A691D2005A5B26 /* Todo.swift */,
				FAF8C39A25A691E6005A5B26 /* Storage.swift */,
				FAF8C38525A69193005A5B26 /* Main.storyboard */,
				FAF8C38825A69195005A5B26 /* Assets.xcassets */,
				FAF8C38A25A69195005A5B26 /* LaunchScreen.storyboard */,
				FAF8C38D25A69195005A5B26 /* Info.plist */,
			);
			path = "TodoList-v1";
			sourceTree = "<group>";
		};
/* End PBXGroup section */

/* Begin PBXNativeTarget section */
		FAF8C37B25A69193005A5B26 /* TodoList-v1 */ = {
			isa = PBXNativeTarget;
			buildConfigurationList = FAF8C39025A69195005A5B26 /* Build configuration list for PBXNativeTarget "TodoList-v1" */;
			buildPhases = (
				FAF8C37825A69193005A5B26 /* Sources */,
				FAF8C37925A69193005A5B26 /* Frameworks */,
				FAF8C37A25A69193005A5B26 /* Resources */,
			);
			buildRules = (
			);
			dependencies = (
			);
			name = "TodoList-v1";
			productName = "TodoList-v1";
			productReference = FAF8C37C25A69193005A5B26 /* TodoList-v1.app */;
			productType = "com.apple.product-type.application";
		};
/* End PBXNativeTarget section */

/* Begin PBXProject section */
		FAF8C37425A69193005A5B26 /* Project object */ = {
			isa = PBXProject;
			attributes = {
				LastSwiftUpdateCheck = 1210;
				LastUpgradeCheck = 1210;
				TargetAttributes = {
					FAF8C37B25A69193005A5B26 = {
						CreatedOnToolsVersion = 12.1;
					};
				};
			};
			buildConfigurationList = FAF8C37725A69193005A5B26 /* Build configuration list for PBXProject "TodoList-v1" */;
			compatibilityVersion = "Xcode 9.3";
			developmentRegion = en;
			hasScannedForEncodings = 0;
			knownRegions = (
				en,
				Base,
			);
			mainGroup = FAF8C37325A69193005A5B26;
			productRefGroup = FAF8C37D25A69193005A5B26 /* Products */;
			projectDirPath = "";
			projectRoot = "";
			targets = (
				FAF8C37B25A69193005A5B26 /* TodoList-v1 */,
			);
		};
/* End PBXProject section */

/* Begin PBXResourcesBuildPhase section */
		FAF8C37A25A69193005A5B26 /* Resources */ = {
			isa = PBXResourcesBuildPhase;
			buildActionMask = 2147483647;
			files = (
				FAF8C38C25A69195005A5B26 /* LaunchScreen.storyboard in Resources */,
				FAF8C38925A69195005A5B26 /* Assets.xcassets in Resources */,
				FAF8C38725A69193005A5B26 /* Main.storyboard in Resources */,
			);
			runOnlyForDeploymentPostprocessing = 0;
		};
/* End PBXResourcesBuildPhase section */

/* Begin PBXSourcesBuildPhase section */
		FAF8C37825A69193005A5B26 /* Sources */ = {
			isa = PBXSourcesBuildPhase;
			buildActionMask = 2147483647;
			files = (
				FAF8C39F25A69243005A5B26 /* TodoListViewController.swift in Sources */,
				FAF8C38025A69193005A5B26 /* AppDelegate.swift in Sources */,
				FAF8C38225A69193005A5B26 /* SceneDelegate.swift in Sources */,
				FAF8C39525A691D2005A5B26 /* Todo.swift in Sources */,
				FAF8C39B25A691E6005A5B26 /* Storage.swift in Sources */,
			);
			runOnlyForDeploymentPostprocessing = 0;
		};
/* End PBXSourcesBuildPhase section */

/* Begin PBXVariantGroup section */
		FAF8C38525A69193005A5B26 /* Main.storyboard */ = {
			isa = PBXVariantGroup;
			children = (
				FAF8C38625A69193005A5B26 /* Base */,
			);
			name = Main.storyboard;
			sourceTree = "<group>";
		};
		FAF8C38A25A69195005A5B26 /* LaunchScreen.storyboard */ = {
			isa = PBXVariantGroup;
			children = (
				FAF8C38B25A69195005A5B26 /* Base */,
			);
			name = LaunchScreen.storyboard;
			sourceTree = "<group>";
		};
/* End PBXVariantGroup section */

/* Begin XCBuildConfiguration section */
		FAF8C38E25A69195005A5B26 /* Debug */ = {
			isa = XCBuildConfiguration;
			buildSettings = {
				ALWAYS_SEARCH_USER_PATHS = NO;
				CLANG_ANALYZER_NONNULL = YES;
				CLANG_ANALYZER_NUMBER_OBJECT_CONVERSION = YES_AGGRESSIVE;
				CLANG_CXX_LANGUAGE_STANDARD = "gnu++14";
				CLANG_CXX_LIBRARY = "libc++";
				CLANG_ENABLE_MODULES = YES;
				CLANG_ENABLE_OBJC_ARC = YES;
				CLANG_ENABLE_OBJC_WEAK = YES;
				CLANG_WARN_BLOCK_CAPTURE_AUTORELEASING = YES;
				CLANG_WARN_BOOL_CONVERSION = YES;
				CLANG_WARN_COMMA = YES;
				CLANG_WARN_CONSTANT_CONVERSION = YES;
				CLANG_WARN_DEPRECATED_OBJC_IMPLEMENTATIONS = YES;
				CLANG_WARN_DIRECT_OBJC_ISA_USAGE = YES_ERROR;
				CLANG_WARN_DOCUMENTATION_COMMENTS = YES;
				CLANG_WARN_EMPTY_BODY = YES;
				CLANG_WARN_ENUM_CONVERSION = YES;
				CLANG_WARN_INFINITE_RECURSION = YES;
				CLANG_WARN_INT_CONVERSION = YES;
				CLANG_WARN_NON_LITERAL_NULL_CONVERSION = YES;
				CLANG_WARN_OBJC_IMPLICIT_RETAIN_SELF = YES;
				CLANG_WARN_OBJC_LITERAL_CONVERSION = YES;
				CLANG_WARN_OBJC_ROOT_CLASS = YES_ERROR;
				CLANG_WARN_QUOTED_INCLUDE_IN_FRAMEWORK_HEADER = YES;
				CLANG_WARN_RANGE_LOOP_ANALYSIS = YES;
				CLANG_WARN_STRICT_PROTOTYPES = YES;
				CLANG_WARN_SUSPICIOUS_MOVE = YES;
				CLANG_WARN_UNGUARDED_AVAILABILITY = YES_AGGRESSIVE;
				CLANG_WARN_UNREACHABLE_CODE = YES;
				CLANG_WARN__DUPLICATE_METHOD_MATCH = YES;
				COPY_PHASE_STRIP = NO;
				DEBUG_INFORMATION_FORMAT = dwarf;
				ENABLE_STRICT_OBJC_MSGSEND = YES;
				ENABLE_TESTABILITY = YES;
				GCC_C_LANGUAGE_STANDARD = gnu11;
				GCC_DYNAMIC_NO_PIC = NO;
				GCC_NO_COMMON_BLOCKS = YES;
				GCC_OPTIMIZATION_LEVEL = 0;
				GCC_PREPROCESSOR_DEFINITIONS = (
					"DEBUG=1",
					"$(inherited)",
				);
				GCC_WARN_64_TO_32_BIT_CONVERSION = YES;
				GCC_WARN_ABOUT_RETURN_TYPE = YES_ERROR;
				GCC_WARN_UNDECLARED_SELECTOR = YES;
				GCC_WARN_UNINITIALIZED_AUTOS = YES_AGGRESSIVE;
				GCC_WARN_UNUSED_FUNCTION = YES;
				GCC_WARN_UNUSED_VARIABLE = YES;
				IPHONEOS_DEPLOYMENT_TARGET = 14.1;
				MTL_ENABLE_DEBUG_INFO = INCLUDE_SOURCE;
				MTL_FAST_MATH = YES;
				ONLY_ACTIVE_ARCH = YES;
				SDKROOT = iphoneos;
				SWIFT_ACTIVE_COMPILATION_CONDITIONS = DEBUG;
				SWIFT_OPTIMIZATION_LEVEL = "-Onone";
			};
			name = Debug;
		};
		FAF8C38F25A69195005A5B26 /* Release */ = {
			isa = XCBuildConfiguration;
			buildSettings = {
				ALWAYS_SEARCH_USER_PATHS = NO;
				CLANG_ANALYZER_NONNULL = YES;
				CLANG_ANALYZER_NUMBER_OBJECT_CONVERSION = YES_AGGRESSIVE;
				CLANG_CXX_LANGUAGE_STANDARD = "gnu++14";
				CLANG_CXX_LIBRARY = "libc++";
				CLANG_ENABLE_MODULES = YES;
				CLANG_ENABLE_OBJC_ARC = YES;
				CLANG_ENABLE_OBJC_WEAK = YES;
				CLANG_WARN_BLOCK_CAPTURE_AUTORELEASING = YES;
				CLANG_WARN_BOOL_CONVERSION = YES;
				CLANG_WARN_COMMA = YES;
				CLANG_WARN_CONSTANT_CONVERSION = YES;
				CLANG_WARN_DEPRECATED_OBJC_IMPLEMENTATIONS = YES;
				CLANG_WARN_DIRECT_OBJC_ISA_USAGE = YES_ERROR;
				CLANG_WARN_DOCUMENTATION_COMMENTS = YES;
				CLANG_WARN_EMPTY_BODY = YES;
				CLANG_WARN_ENUM_CONVERSION = YES;
				CLANG_WARN_INFINITE_RECURSION = YES;
				CLANG_WARN_INT_CONVERSION = YES;
				CLANG_WARN_NON_LITERAL_NULL_CONVERSION = YES;
				CLANG_WARN_OBJC_IMPLICIT_RETAIN_SELF = YES;
				CLANG_WARN_OBJC_LITERAL_CONVERSION = YES;
				CLANG_WARN_OBJC_ROOT_CLASS = YES_ERROR;
				CLANG_WARN_QUOTED_INCLUDE_IN_FRAMEWORK_HEADER = YES;
				CLANG_WARN_RANGE_LOOP_ANALYSIS = YES;
				CLANG_WARN_STRICT_PROTOTYPES = YES;
				CLANG_WARN_SUSPICIOUS_MOVE = YES;
				CLANG_WARN_UNGUARDED_AVAILABILITY = YES_AGGRESSIVE;
				CLANG_WARN_UNREACHABLE_CODE = YES;
				CLANG_WARN__DUPLICATE_METHOD_MATCH = YES;
				COPY_PHASE_STRIP = NO;
				DEBUG_INFORMATION_FORMAT = "dwarf-with-dsym";
				ENABLE_NS_ASSERTIONS = NO;
				ENABLE_STRICT_OBJC_MSGSEND = YES;
				GCC_C_LANGUAGE_STANDARD = gnu11;
				GCC_NO_COMMON_BLOCKS = YES;
				GCC_WARN_64_TO_32_BIT_CONVERSION = YES;
				GCC_WARN_ABOUT_RETURN_TYPE = YES_ERROR;
				GCC_WARN_UNDECLARED_SELECTOR = YES;
				GCC_WARN_UNINITIALIZED_AUTOS = YES_AGGRESSIVE;
				GCC_WARN_UNUSED_FUNCTION = YES;
				GCC_WARN_UNUSED_VARIABLE = YES;
				IPHONEOS_DEPLOYMENT_TARGET = 14.1;
				MTL_ENABLE_DEBUG_INFO = NO;
				MTL_FAST_MATH = YES;
				SDKROOT = iphoneos;
				SWIFT_COMPILATION_MODE = wholemodule;
				SWIFT_OPTIMIZATION_LEVEL = "-O";
				VALIDATE_PRODUCT = YES;
			};
			name = Release;
		};
		FAF8C39125A69195005A5B26 /* Debug */ = {
			isa = XCBuildConfiguration;
			buildSettings = {
				ASSETCATALOG_COMPILER_APPICON_NAME = AppIcon;
				ASSETCATALOG_COMPILER_GLOBAL_ACCENT_COLOR_NAME = AccentColor;
				CODE_SIGN_STYLE = Automatic;
				INFOPLIST_FILE = "TodoList-v1/Info.plist";
				LD_RUNPATH_SEARCH_PATHS = (
					"$(inherited)",
					"@executable_path/Frameworks",
				);
				PRODUCT_BUNDLE_IDENTIFIER = "sapere4ude.TodoList-v1";
				PRODUCT_NAME = "$(TARGET_NAME)";
				SWIFT_VERSION = 5.0;
				TARGETED_DEVICE_FAMILY = "1,2";
			};
			name = Debug;
		};
		FAF8C39225A69195005A5B26 /* Release */ = {
			isa = XCBuildConfiguration;
			buildSettings = {
				ASSETCATALOG_COMPILER_APPICON_NAME = AppIcon;
				ASSETCATALOG_COMPILER_GLOBAL_ACCENT_COLOR_NAME = AccentColor;
				CODE_SIGN_STYLE = Automatic;
				INFOPLIST_FILE = "TodoList-v1/Info.plist";
				LD_RUNPATH_SEARCH_PATHS = (
					"$(inherited)",
					"@executable_path/Frameworks",
				);
				PRODUCT_BUNDLE_IDENTIFIER = "sapere4ude.TodoList-v1";
				PRODUCT_NAME = "$(TARGET_NAME)";
				SWIFT_VERSION = 5.0;
				TARGETED_DEVICE_FAMILY = "1,2";
			};
			name = Release;
		};
/* End XCBuildConfiguration section */

/* Begin XCConfigurationList section */
		FAF8C37725A69193005A5B26 /* Build configuration list for PBXProject "TodoList-v1" */ = {
			isa = XCConfigurationList;
			buildConfigurations = (
				FAF8C38E25A69195005A5B26 /* Debug */,
				FAF8C38F25A69195005A5B26 /* Release */,
			);
			defaultConfigurationIsVisible = 0;
			defaultConfigurationName = Release;
		};
		FAF8C39025A69195005A5B26 /* Build configuration list for PBXNativeTarget "TodoList-v1" */ = {
			isa = XCConfigurationList;
			buildConfigurations = (
				FAF8C39125A69195005A5B26 /* Debug */,
				FAF8C39225A69195005A5B26 /* Release */,
			);
			defaultConfigurationIsVisible = 0;
			defaultConfigurationName = Release;
		};
/* End XCConfigurationList section */
	};
	rootObject = FAF8C37425A69193005A5B26 /* Project object */;
}
